
Microsoft Visual Studio Solution File, Format Version 12.00
# Visual Studio 15
VisualStudioVersion = 15.0.28010.2041
MinimumVisualStudioVersion = 10.0.40219.1
Project("{FAE04EC0-301F-11D3-BF4B-00C04F79EFBC}") = "Lab04-TicTacToe", "Lab04-TicTacToe\Lab04-TicTacToe.csproj", "{F1331845-25FD-4DB2-B0D5-D4DD592EB43B}"
EndProject
Project("{FAE04EC0-301F-11D3-BF4B-00C04F79EFBC}") = "XUnitTestTicTacToes", "XUnitTestTicTacToes\XUnitTestTicTacToes.csproj", "{60FD856A-DE0B-440C-9082-A1A48C5B763B}"
EndProject
Global
	GlobalSection(SolutionConfigurationPlatforms) = preSolution
		Debug|Any CPU = Debug|Any CPU
		Release|Any CPU = Release|Any CPU
	EndGlobalSection
	GlobalSection(ProjectConfigurationPlatforms) = postSolution
		{F1331845-25FD-4DB2-B0D5-D4DD592EB43B}.Debug|Any CPU.ActiveCfg = Debug|Any CPU
		{F1331845-25FD-4DB2-B0D5-D4DD592EB43B}.Debug|Any CPU.Build.0 = Debug|Any CPU
		{F1331845-25FD-4DB2-B0D5-D4DD592EB43B}.Release|Any CPU.ActiveCfg = Release|Any CPU
		{F1331845-25FD-4DB2-B0D5-D4DD592EB43B}.Release|Any CPU.Build.0 = Release|Any CPU
		{60FD856A-DE0B-440C-9082-A1A48C5B763B}.Debug|Any CPU.ActiveCfg = Debug|Any CPU
		{60FD856A-DE0B-440C-9082-A1A48C5B763B}.Debug|Any CPU.Build.0 = Debug|Any CPU
		{60FD856A-DE0B-440C-9082-A1A48C5B763B}.Release|Any CPU.ActiveCfg = Release|Any CPU
		{60FD856A-DE0B-440C-9082-A1A48C5B763B}.Release|Any CPU.Build.0 = Release|Any CPU
	EndGlobalSection
	GlobalSection(SolutionProperties) = preSolution
		HideSolutionNode = FALSE
	EndGlobalSection
	GlobalSection(ExtensibilityGlobals) = postSolution
		SolutionGuid = {16CFB243-8C15-4E4D-B645-CEF420137D9E}
	EndGlobalSection
EndGlobal
